PODS:
  - MBProgressHUD (0.9.2)
  - Stripe (6.1.0):
    - Stripe/Core (= 6.1.0)
  - Stripe/Core (6.1.0)

DEPENDENCIES:
  - MBProgressHUD (~> 0.9.2)
  - Stripe

SPEC CHECKSUMS:
  MBProgressHUD: 1569cf7ace17a8bac47aabfbb8580a49690386d1
  Stripe: bee87bf3459953211b9a3709fb3b90a90a62b060

COCOAPODS: 0.39.0
